
Microsoft Visual Studio Solution File, Format Version 11.00
# Visual Studio 2010
Project("{FAE04EC0-301F-11D3-BF4B-00C04F79EFBC}") = "Assembly-CSharp", "Assembly-CSharp.csproj", "{a97ade3f-eedb-27f9-622f-27d7f09b380a}"
EndProject
Project("{FAE04EC0-301F-11D3-BF4B-00C04F79EFBC}") = "Assembly-CSharp-Editor", "Assembly-CSharp-Editor.csproj", "{72397c9a-8e66-6a9a-42f0-f780b933d199}"
EndProject
Global
	GlobalSection(SolutionConfigurationPlatforms) = preSolution
		Debug|Any CPU = Debug|Any CPU
	EndGlobalSection
	GlobalSection(ProjectConfigurationPlatforms) = postSolution
		{a97ade3f-eedb-27f9-622f-27d7f09b380a}.Debug|Any CPU.ActiveCfg = Debug|Any CPU
		{a97ade3f-eedb-27f9-622f-27d7f09b380a}.Debug|Any CPU.Build.0 = Debug|Any CPU
		{72397c9a-8e66-6a9a-42f0-f780b933d199}.Debug|Any CPU.ActiveCfg = Debug|Any CPU
		{72397c9a-8e66-6a9a-42f0-f780b933d199}.Debug|Any CPU.Build.0 = Debug|Any CPU
	EndGlobalSection
	GlobalSection(SolutionProperties) = preSolution
		HideSolutionNode = FALSE
	EndGlobalSection
EndGlobal
